<?xml version="1.0" encoding="UTF-8" standalone="yes" ?>
<CodeBlocks_project_file>
	<FileVersion major="1" minor="6" />
	<Project>
		<Option title="GROS" />
		<Option pch_mode="2" />
		<Option compiler="gcc" />
		<Build>
			<Target title="Debug">
				<Option output="bin/Debug/GROS" prefix_auto="1" extension_auto="1" />
				<Option object_output="obj/Debug/" />
				<Option type="1" />
				<Option compiler="gcc" />
				<Compiler>
					<Add option="-g" />
				</Compiler>
				<Linker>
					<Add library="sqlite3" />
				</Linker>
			</Target>
			<Target title="Release">
				<Option output="bin/Release/GROS" prefix_auto="1" extension_auto="1" />
				<Option object_output="obj/Release/" />
				<Option type="0" />
				<Option compiler="gcc" />
				<Compiler>
					<Add option="-O2" />
				</Compiler>
				<Linker>
					<Add option="-s" />
				</Linker>
			</Target>
		</Build>
		<Compiler>
			<Add option="-Wall" />
		</Compiler>
		<Linker>
			<Add library="GL" />
			<Add library="X11" />
		</Linker>
		<Unit filename="main.cpp" />
		<Unit filename="src/Database/database.cpp" />
		<Unit filename="src/Database/database.h" />
		<Unit filename="src/Entity/entity.cpp" />
		<Unit filename="src/Entity/entity.h" />
		<Unit filename="src/GUI/debuggui.cpp" />
		<Unit filename="src/GUI/debuggui.h" />
		<Unit filename="src/Heuristic/DynamicSim/dynamicmodel.cpp" />
		<Unit filename="src/Heuristic/DynamicSim/dynamicmodel.h" />
		<Unit filename="src/Heuristic/DynamicSim/dynamicsim.cpp" />
		<Unit filename="src/Heuristic/DynamicSim/dynamicsim.h" />
		<Unit filename="src/Heuristic/heuristic.cpp" />
		<Unit filename="src/Heuristic/heuristic.h" />
		<Unit filename="src/Math/math.cpp" />
		<Unit filename="src/Math/math.h" />
		<Unit filename="src/Math/math_impl.h" />
		<Unit filename="src/Node/node.cpp" />
		<Unit filename="src/Node/node.h" />
		<Unit filename="src/Utils/tinyxml2/tinyxml2.cpp" />
		<Unit filename="src/Utils/tinyxml2/tinyxml2.h" />
		<Unit filename="src/Utils/utils.cpp" />
		<Unit filename="src/Utils/utils.h" />
		<Unit filename="src/Utils/utils_impl.h" />
		<Unit filename="src/constants.h" />
		<Unit filename="src/gros.cpp" />
		<Unit filename="src/gros.h" />
		<Extensions>
			<code_completion />
			<debugger />
		</Extensions>
	</Project>
</CodeBlocks_project_file>
