<?xml version="1.0" encoding="UTF-8" standalone="yes" ?>
<CodeBlocks_project_file>
	<FileVersion major="1" minor="6" />
	<Project>
		<Option title="GROSTest" />
		<Option pch_mode="2" />
		<Option compiler="gcc" />
		<Build>
			<Target title="Debug">
				<Option output="bin/Debug/grostest" prefix_auto="1" extension_auto="1" />
				<Option object_output="obj/Debug/" />
				<Option type="1" />
				<Option compiler="gcc" />
				<Compiler>
					<Add option="-g" />
					<Add directory="include/src" />
				</Compiler>
				<Linker>
					<Add library="lib/libUnitTest++.a" />
				</Linker>
			</Target>
			<Target title="Release">
				<Option output="bin/Release/grostest" prefix_auto="1" extension_auto="1" />
				<Option object_output="obj/Release/" />
				<Option type="1" />
				<Option compiler="gcc" />
				<Compiler>
					<Add option="-O2" />
				</Compiler>
				<Linker>
					<Add option="-s" />
				</Linker>
			</Target>
		</Build>
		<Compiler>
			<Add option="-Wall" />
			<Add directory="include/src" />
		</Compiler>
		<Linker>
			<Add library="lib/libUnitTest++.a" />
		</Linker>
		<Unit filename="../GROS/src/DynamicSim/dynamicmath.cpp" />
		<Unit filename="../GROS/src/DynamicSim/dynamicmath.h" />
		<Unit filename="../GROS/src/DynamicSim/dynamicmath_impl.h" />
		<Unit filename="../GROS/src/DynamicSim/dynamicmodel.cpp" />
		<Unit filename="../GROS/src/DynamicSim/dynamicmodel.h" />
		<Unit filename="../GROS/src/DynamicSim/dynamicsim.cpp" />
		<Unit filename="../GROS/src/DynamicSim/dynamicsim.h" />
		<Unit filename="../GROS/src/Entity/entity.cpp" />
		<Unit filename="../GROS/src/Entity/entity.h" />
		<Unit filename="../GROS/src/Heuristic/heuristic.cpp" />
		<Unit filename="../GROS/src/Heuristic/heuristic.h" />
		<Unit filename="../GROS/src/Node/node.cpp" />
		<Unit filename="../GROS/src/Node/node.h" />
		<Unit filename="../GROS/src/Utils/tinyxml2/tinyxml2.cpp" />
		<Unit filename="../GROS/src/Utils/tinyxml2/tinyxml2.h" />
		<Unit filename="../GROS/src/Utils/utils.cpp" />
		<Unit filename="../GROS/src/Utils/utils.h" />
		<Unit filename="../GROS/src/Utils/utils_impl.h" />
		<Unit filename="../GROS/src/constants.h" />
		<Unit filename="../GROS/src/gros.cpp" />
		<Unit filename="../GROS/src/gros.h" />
		<Unit filename="main.cpp" />
		<Unit filename="testDynamicModel.cpp" />
		<Extensions>
			<code_completion />
			<debugger />
		</Extensions>
	</Project>
</CodeBlocks_project_file>
